
Microsoft Visual Studio Solution File, Format Version 12.00
# Visual Studio Version 17
VisualStudioVersion = 17.5.33516.290
MinimumVisualStudioVersion = 10.0.40219.1
Project("{9A19103F-16F7-4668-BE54-9A1E7A4F7556}") = "ApigeeToApimMigrationTool", "ApigeeToApimMigrationTool\ApigeeToApimMigrationTool.csproj", "{A05BB193-76E0-4850-A369-EAA8F223BB3F}"
EndProject
Project("{9A19103F-16F7-4668-BE54-9A1E7A4F7556}") = "ApigeeToAzureApimMigrationTool.Service", "ApigeeToAzureApimMigrationTool.Logic\ApigeeToAzureApimMigrationTool.Service.csproj", "{7892713C-5601-475B-AEB8-D36EF3E313F3}"
EndProject
Project("{9A19103F-16F7-4668-BE54-9A1E7A4F7556}") = "ApigeeToAzureApimMigrationTool.Core", "ApigeeToAzureApimMigrationTool.Core\ApigeeToAzureApimMigrationTool.Core.csproj", "{91FF11ED-58E1-4021-AE1E-BDFA552C550B}"
EndProject
Project("{9A19103F-16F7-4668-BE54-9A1E7A4F7556}") = "ApigeeToApimMigrationTool.Test", "ApigeeToApimMigrationTool.Test\ApigeeToApimMigrationTool.Test.csproj", "{47FC9070-F20E-450A-9567-62753B34BFDC}"
EndProject
Project("{00D1A9C2-B5F0-4AF3-8072-F6C62B433612}") = "ApigeeToApimMigrationTool.Database", "ApigeeToApimMigrationTool.Database\ApigeeToApimMigrationTool.Database.sqlproj", "{0FB5C73E-88DD-44DE-9DD5-882D6DE57189}"
EndProject
Project("{9A19103F-16F7-4668-BE54-9A1E7A4F7556}") = "ApigeeToApimMigrationTool.DataAccess", "ApigeeToApimMigrationTool.DataAccess\ApigeeToApimMigrationTool.DataAccess.csproj", "{871A0F9B-294C-4DAA-8FE1-7B2E37D14DFA}"
EndProject
Global
	GlobalSection(SolutionConfigurationPlatforms) = preSolution
		Debug|Any CPU = Debug|Any CPU
		Release|Any CPU = Release|Any CPU
	EndGlobalSection
	GlobalSection(ProjectConfigurationPlatforms) = postSolution
		{A05BB193-76E0-4850-A369-EAA8F223BB3F}.Debug|Any CPU.ActiveCfg = Debug|Any CPU
		{A05BB193-76E0-4850-A369-EAA8F223BB3F}.Debug|Any CPU.Build.0 = Debug|Any CPU
		{A05BB193-76E0-4850-A369-EAA8F223BB3F}.Release|Any CPU.ActiveCfg = Release|Any CPU
		{A05BB193-76E0-4850-A369-EAA8F223BB3F}.Release|Any CPU.Build.0 = Release|Any CPU
		{7892713C-5601-475B-AEB8-D36EF3E313F3}.Debug|Any CPU.ActiveCfg = Debug|Any CPU
		{7892713C-5601-475B-AEB8-D36EF3E313F3}.Debug|Any CPU.Build.0 = Debug|Any CPU
		{7892713C-5601-475B-AEB8-D36EF3E313F3}.Release|Any CPU.ActiveCfg = Release|Any CPU
		{7892713C-5601-475B-AEB8-D36EF3E313F3}.Release|Any CPU.Build.0 = Release|Any CPU
		{91FF11ED-58E1-4021-AE1E-BDFA552C550B}.Debug|Any CPU.ActiveCfg = Debug|Any CPU
		{91FF11ED-58E1-4021-AE1E-BDFA552C550B}.Debug|Any CPU.Build.0 = Debug|Any CPU
		{91FF11ED-58E1-4021-AE1E-BDFA552C550B}.Release|Any CPU.ActiveCfg = Release|Any CPU
		{91FF11ED-58E1-4021-AE1E-BDFA552C550B}.Release|Any CPU.Build.0 = Release|Any CPU
		{47FC9070-F20E-450A-9567-62753B34BFDC}.Debug|Any CPU.ActiveCfg = Debug|Any CPU
		{47FC9070-F20E-450A-9567-62753B34BFDC}.Debug|Any CPU.Build.0 = Debug|Any CPU
		{47FC9070-F20E-450A-9567-62753B34BFDC}.Release|Any CPU.ActiveCfg = Release|Any CPU
		{47FC9070-F20E-450A-9567-62753B34BFDC}.Release|Any CPU.Build.0 = Release|Any CPU
		{0FB5C73E-88DD-44DE-9DD5-882D6DE57189}.Debug|Any CPU.ActiveCfg = Debug|Any CPU
		{0FB5C73E-88DD-44DE-9DD5-882D6DE57189}.Debug|Any CPU.Build.0 = Debug|Any CPU
		{0FB5C73E-88DD-44DE-9DD5-882D6DE57189}.Debug|Any CPU.Deploy.0 = Debug|Any CPU
		{0FB5C73E-88DD-44DE-9DD5-882D6DE57189}.Release|Any CPU.ActiveCfg = Release|Any CPU
		{0FB5C73E-88DD-44DE-9DD5-882D6DE57189}.Release|Any CPU.Build.0 = Release|Any CPU
		{0FB5C73E-88DD-44DE-9DD5-882D6DE57189}.Release|Any CPU.Deploy.0 = Release|Any CPU
		{871A0F9B-294C-4DAA-8FE1-7B2E37D14DFA}.Debug|Any CPU.ActiveCfg = Debug|Any CPU
		{871A0F9B-294C-4DAA-8FE1-7B2E37D14DFA}.Debug|Any CPU.Build.0 = Debug|Any CPU
		{871A0F9B-294C-4DAA-8FE1-7B2E37D14DFA}.Release|Any CPU.ActiveCfg = Release|Any CPU
		{871A0F9B-294C-4DAA-8FE1-7B2E37D14DFA}.Release|Any CPU.Build.0 = Release|Any CPU
	EndGlobalSection
	GlobalSection(SolutionProperties) = preSolution
		HideSolutionNode = FALSE
	EndGlobalSection
	GlobalSection(ExtensibilityGlobals) = postSolution
		SolutionGuid = {503DB0F7-38A4-4604-B78B-4C3ABA9C857D}
	EndGlobalSection
EndGlobal
